
Microsoft Visual Studio Solution File, Format Version 12.00
# Visual Studio Version 17
VisualStudioVersion = 17.7.34031.279
MinimumVisualStudioVersion = 10.0.40219.1
Project("{888888A0-9F3D-457C-B088-3A5042F75D52}") = "conversor de temperatura python", "conversor de temperatura python\conversor de temperatura python.pyproj", "{D55CE642-D9EC-4D2E-89D3-8301ACC18522}"
EndProject
Global
	GlobalSection(SolutionConfigurationPlatforms) = preSolution
		Debug|Any CPU = Debug|Any CPU
		Release|Any CPU = Release|Any CPU
	EndGlobalSection
	GlobalSection(ProjectConfigurationPlatforms) = postSolution
		{D55CE642-D9EC-4D2E-89D3-8301ACC18522}.Debug|Any CPU.ActiveCfg = Debug|Any CPU
		{D55CE642-D9EC-4D2E-89D3-8301ACC18522}.Release|Any CPU.ActiveCfg = Release|Any CPU
	EndGlobalSection
	GlobalSection(SolutionProperties) = preSolution
		HideSolutionNode = FALSE
	EndGlobalSection
	GlobalSection(ExtensibilityGlobals) = postSolution
		SolutionGuid = {5F1B5655-C14D-4751-8BE7-60FFB5352C1B}
	EndGlobalSection
EndGlobal
